# This file was autogenerated by Stack.
# You should not edit this file by hand.
# For more information, please see the documentation at:
#   https://docs.haskellstack.org/en/stable/lock_files

packages:
- completed:
    hackage: haskell-stack-trace-plugin-0.1.1.1@sha256:6432ef8e72785d37fc7c4d118a72f0cb65be9e0ec290509f864570204c3695f4,2094
    pantry-tree:
      size: 465
      sha256: 7dfe6251afe39e82dcbc581feccd56ad403fddfa32ecc31ae4309e13f80c5431
  original:
    hackage: haskell-stack-trace-plugin-0.1.1.1@sha256:6432ef8e72785d37fc7c4d118a72f0cb65be9e0ec290509f864570204c3695f4,2094
snapshots:
- completed:
    size: 524996
    url: https://raw.githubusercontent.com/commercialhaskell/stackage-snapshots/master/lts/14/27.yaml
    sha256: 7ea31a280c56bf36ff591a7397cc384d0dff622e7f9e4225b47d8980f019a0f0
  original: lts-14.27
